
Microsoft Visual Studio Solution File, Format Version 12.00
Project("{FAE04EC0-301F-11D3-BF4B-00C04F79EFBC}") = "ChinookODataCoreAPI.API", "ChinookODataCoreAPI.API\ChinookODataCoreAPI.API.csproj", "{35823477-8AB7-48B2-A3DE-71DC310EEDD1}"
EndProject
Global
	GlobalSection(SolutionConfigurationPlatforms) = preSolution
		Debug|Any CPU = Debug|Any CPU
		Release|Any CPU = Release|Any CPU
	EndGlobalSection
	GlobalSection(ProjectConfigurationPlatforms) = postSolution
		{35823477-8AB7-48B2-A3DE-71DC310EEDD1}.Debug|Any CPU.ActiveCfg = Debug|Any CPU
		{35823477-8AB7-48B2-A3DE-71DC310EEDD1}.Debug|Any CPU.Build.0 = Debug|Any CPU
		{35823477-8AB7-48B2-A3DE-71DC310EEDD1}.Release|Any CPU.ActiveCfg = Release|Any CPU
		{35823477-8AB7-48B2-A3DE-71DC310EEDD1}.Release|Any CPU.Build.0 = Release|Any CPU
	EndGlobalSection
EndGlobal
